{
  "version": 4,
  "terraform_version": "1.2.9",
  "serial": 96,
  "lineage": "3c15fe42-013e-913a-d535-dbf73873712e",
  "outputs": {},
  "resources": [
    {
      "mode": "data",
      "type": "azurerm_network_security_group",
      "name": "devops",
      "provider": "provider[\"registry.terraform.io/hashicorp/azurerm\"]",
      "instances": [
        {
          "schema_version": 0,
          "attributes": {
            "id": "/subscriptions/f1991654-3b2e-45ef-8814-9c357a7e88c6/resourceGroups/devops-rg/providers/Microsoft.Network/networkSecurityGroups/devops-vm2NSG",
            "location": "westeurope",
            "name": "devops-vm2NSG",
            "resource_group_name": "devops-rg",
            "security_rule": [
              {
                "access": "Allow",
                "description": "",
                "destination_address_prefix": "*",
                "destination_address_prefixes": [],
                "destination_application_security_group_ids": [],
                "destination_port_range": "22",
                "destination_port_ranges": [],
                "direction": "Inbound",
                "name": "default-allow-ssh",
                "priority": 1000,
                "protocol": "Tcp",
                "source_address_prefix": "*",
                "source_address_prefixes": [],
                "source_application_security_group_ids": [],
                "source_port_range": "*",
                "source_port_ranges": []
              },
              {
                "access": "Allow",
                "description": "",
                "destination_address_prefix": "*",
                "destination_address_prefixes": [],
                "destination_application_security_group_ids": [],
                "destination_port_range": "80",
                "destination_port_ranges": [],
                "direction": "Inbound",
                "name": "allow_http",
                "priority": 200,
                "protocol": "Tcp",
                "source_address_prefix": "*",
                "source_address_prefixes": [],
                "source_application_security_group_ids": [],
                "source_port_range": "*",
                "source_port_ranges": []
              }
            ],
            "tags": {},
            "timeouts": null
          },
          "sensitive_attributes": []
        }
      ]
    },
    {
      "mode": "data",
      "type": "azurerm_subnet",
      "name": "devops",
      "provider": "provider[\"registry.terraform.io/hashicorp/azurerm\"]",
      "instances": [
        {
          "schema_version": 0,
          "attributes": {
            "address_prefix": "192.168.1.0/24",
            "address_prefixes": [
              "192.168.1.0/24"
            ],
            "enforce_private_link_endpoint_network_policies": true,
            "enforce_private_link_service_network_policies": false,
            "id": "/subscriptions/f1991654-3b2e-45ef-8814-9c357a7e88c6/resourceGroups/devops-rg/providers/Microsoft.Network/virtualNetworks/devops-vnet/subnets/subnet1",
            "name": "subnet1",
            "network_security_group_id": "",
            "private_endpoint_network_policies_enabled": false,
            "private_link_service_network_policies_enabled": true,
            "resource_group_name": "devops-rg",
            "route_table_id": "",
            "service_endpoints": [],
            "timeouts": null,
            "virtual_network_name": "devops-vnet"
          },
          "sensitive_attributes": []
        }
      ]
    },
    {
      "mode": "managed",
      "type": "azurerm_linux_virtual_machine",
      "name": "terraform",
      "provider": "provider[\"registry.terraform.io/hashicorp/azurerm\"]",
      "instances": [
        {
          "schema_version": 0,
          "attributes": {
            "additional_capabilities": [],
            "admin_password": null,
            "admin_ssh_key": [
              {
                "public_key": "ssh-rsa AAAAB3NzaC1yc2EAAAADAQABAAABgQCZ0B0QGUPM5Al8H5CY4GuIWkNk3EeY6YMCoL0DY/eD9ZmUAvulrPxw/t9pKWbdwRiU35kNuok1Y1mOTD4fytRUuzfTqhw7OIDE4GD0x5VCFW0VM5xnaQhGpW3cyUpPqJfU8y1LQyW+S5fKT+UCy05yt3gaB2FUrknMTtiqrWNxpLeXtk2lRtctZbZwwkbI5mfhrRljPynJM7CvvUEci5tvJg2mMYS0kY+t6I5K8CpvgQmwP2da8/067BBjbVtn/rfu53ffRheB4oVDBfodSFyvrJRfFMsAyF2HyFqisr2CeYCfQ1kfqmAUt6e6meAH+AqZ3fwb88d53EPw/sf0VaP9x7sbsu3dL6pPtFnbCCQ7kn5x0agqnxbvkf49oQM6p5SSB7+l/uXVxjgg+H65Yfi42gZMx7nTC4HzZv1aS/aPzSH9c+6amh7S+Pp9OfN2Zfda+J/+dhBEsrCI3mh0+4Zs948YpVbzruCnQp0sMeMl95cgskqPIzwWEMc7Xk10h08= spirt@fedora\n",
                "username": "spirt"
              }
            ],
            "admin_username": "spirt",
            "allow_extension_operations": true,
            "availability_set_id": "",
            "boot_diagnostics": [],
            "capacity_reservation_group_id": "",
            "computer_name": "terraformvm",
            "custom_data": "IyEvYmluL2Jhc2gKc3VkbyBzdQphcHQtZ2V0IC15IHVwZGF0ZQphcHQtZ2V0IC15IGluc3RhbGwgYXBhY2hlMgpzeXN0ZW1jdGwgc3RhcnQgYXBhY2hlMgptdiAvdmFyL3d3dy9odG1sL2luZGV4Lmh0bWwgL3Zhci93d3cvaHRtbC9pbmRleC5odG1sLmJhawoKY2F0IDw8RU9GID4gL3Zhci93d3cvaHRtbC9pbmRleC5odG1sCjxodG1sPgo8aDI+SGVsbG8gZnJvbSBkZXZvcHMgc3BpcnQ8L2gyPjxicj4KPC9odG1sPgpFT0YKCnN5c3RlbWN0bCByZXN0YXJ0IGFwYWNoZTIKZXhpdAo=",
            "dedicated_host_group_id": "",
            "dedicated_host_id": "",
            "disable_password_authentication": true,
            "edge_zone": "",
            "encryption_at_host_enabled": false,
            "eviction_policy": "",
            "extensions_time_budget": "PT1H30M",
            "id": "/subscriptions/f1991654-3b2e-45ef-8814-9c357a7e88c6/resourceGroups/devops-rg/providers/Microsoft.Compute/virtualMachines/terraformvm",
            "identity": [],
            "license_type": "",
            "location": "westeurope",
            "max_bid_price": -1,
            "name": "terraformvm",
            "network_interface_ids": [
              "/subscriptions/f1991654-3b2e-45ef-8814-9c357a7e88c6/resourceGroups/devops-rg/providers/Microsoft.Network/networkInterfaces/devops-nic"
            ],
            "os_disk": [
              {
                "caching": "ReadWrite",
                "diff_disk_settings": [],
                "disk_encryption_set_id": "",
                "disk_size_gb": 30,
                "name": "terraformvm_OsDisk_1_ee9d704b0b564ba585466676ecce26c0",
                "secure_vm_disk_encryption_set_id": "",
                "security_encryption_type": "",
                "storage_account_type": "Standard_LRS",
                "write_accelerator_enabled": false
              }
            ],
            "patch_mode": "ImageDefault",
            "plan": [],
            "platform_fault_domain": -1,
            "priority": "Regular",
            "private_ip_address": "192.168.1.5",
            "private_ip_addresses": [
              "192.168.1.5"
            ],
            "provision_vm_agent": true,
            "proximity_placement_group_id": "",
            "public_ip_address": "20.229.33.207",
            "public_ip_addresses": [
              "20.229.33.207"
            ],
            "resource_group_name": "devops-rg",
            "secret": [],
            "secure_boot_enabled": false,
            "size": "Standard_B1ls",
            "source_image_id": "",
            "source_image_reference": [
              {
                "offer": "UbuntuServer",
                "publisher": "Canonical",
                "sku": "18.04-LTS",
                "version": "latest"
              }
            ],
            "tags": null,
            "termination_notification": null,
            "timeouts": null,
            "user_data": "",
            "virtual_machine_id": "252c7ab2-952e-46ee-9a1c-c90f5fe65b9b",
            "virtual_machine_scale_set_id": "",
            "vtpm_enabled": false,
            "zone": ""
          },
          "sensitive_attributes": [],
          "private": "eyJlMmJmYjczMC1lY2FhLTExZTYtOGY4OC0zNDM2M2JjN2M0YzAiOnsiY3JlYXRlIjoyNzAwMDAwMDAwMDAwLCJkZWxldGUiOjI3MDAwMDAwMDAwMDAsInJlYWQiOjMwMDAwMDAwMDAwMCwidXBkYXRlIjoyNzAwMDAwMDAwMDAwfX0=",
          "dependencies": [
            "azurerm_network_interface.devops",
            "azurerm_public_ip.devops",
            "data.azurerm_subnet.devops"
          ]
        }
      ]
    },
    {
      "mode": "managed",
      "type": "azurerm_network_interface",
      "name": "devops",
      "provider": "provider[\"registry.terraform.io/hashicorp/azurerm\"]",
      "instances": [
        {
          "schema_version": 0,
          "attributes": {
            "applied_dns_servers": [],
            "dns_servers": [],
            "edge_zone": "",
            "enable_accelerated_networking": false,
            "enable_ip_forwarding": false,
            "id": "/subscriptions/f1991654-3b2e-45ef-8814-9c357a7e88c6/resourceGroups/devops-rg/providers/Microsoft.Network/networkInterfaces/devops-nic",
            "internal_dns_name_label": "",
            "internal_domain_name_suffix": "yxrkcnc0hdiu3fh41o03utwl2a.ax.internal.cloudapp.net",
            "ip_configuration": [
              {
                "gateway_load_balancer_frontend_ip_configuration_id": "",
                "name": "internal",
                "primary": true,
                "private_ip_address": "192.168.1.5",
                "private_ip_address_allocation": "Dynamic",
                "private_ip_address_version": "IPv4",
                "public_ip_address_id": "/subscriptions/f1991654-3b2e-45ef-8814-9c357a7e88c6/resourceGroups/devops-rg/providers/Microsoft.Network/publicIPAddresses/devops-terraformvmPublicIP",
                "subnet_id": "/subscriptions/f1991654-3b2e-45ef-8814-9c357a7e88c6/resourceGroups/devops-rg/providers/Microsoft.Network/virtualNetworks/devops-vnet/subnets/subnet1"
              }
            ],
            "location": "westeurope",
            "mac_address": "",
            "name": "devops-nic",
            "private_ip_address": "192.168.1.5",
            "private_ip_addresses": [
              "192.168.1.5"
            ],
            "resource_group_name": "devops-rg",
            "tags": null,
            "timeouts": null,
            "virtual_machine_id": ""
          },
          "sensitive_attributes": [],
          "private": "eyJlMmJmYjczMC1lY2FhLTExZTYtOGY4OC0zNDM2M2JjN2M0YzAiOnsiY3JlYXRlIjoxODAwMDAwMDAwMDAwLCJkZWxldGUiOjE4MDAwMDAwMDAwMDAsInJlYWQiOjMwMDAwMDAwMDAwMCwidXBkYXRlIjoxODAwMDAwMDAwMDAwfX0=",
          "dependencies": [
            "azurerm_public_ip.devops",
            "data.azurerm_subnet.devops"
          ]
        }
      ]
    },
    {
      "mode": "managed",
      "type": "azurerm_network_interface_security_group_association",
      "name": "devops",
      "provider": "provider[\"registry.terraform.io/hashicorp/azurerm\"]",
      "instances": [
        {
          "schema_version": 0,
          "attributes": {
            "id": "/subscriptions/f1991654-3b2e-45ef-8814-9c357a7e88c6/resourceGroups/devops-rg/providers/Microsoft.Network/networkInterfaces/devops-nic|/subscriptions/f1991654-3b2e-45ef-8814-9c357a7e88c6/resourceGroups/devops-rg/providers/Microsoft.Network/networkSecurityGroups/devops-vm2NSG",
            "network_interface_id": "/subscriptions/f1991654-3b2e-45ef-8814-9c357a7e88c6/resourceGroups/devops-rg/providers/Microsoft.Network/networkInterfaces/devops-nic",
            "network_security_group_id": "/subscriptions/f1991654-3b2e-45ef-8814-9c357a7e88c6/resourceGroups/devops-rg/providers/Microsoft.Network/networkSecurityGroups/devops-vm2NSG",
            "timeouts": null
          },
          "sensitive_attributes": [],
          "private": "eyJlMmJmYjczMC1lY2FhLTExZTYtOGY4OC0zNDM2M2JjN2M0YzAiOnsiY3JlYXRlIjoxODAwMDAwMDAwMDAwLCJkZWxldGUiOjE4MDAwMDAwMDAwMDAsInJlYWQiOjMwMDAwMDAwMDAwMCwidXBkYXRlIjoxODAwMDAwMDAwMDAwfX0=",
          "dependencies": [
            "azurerm_network_interface.devops",
            "azurerm_public_ip.devops",
            "data.azurerm_network_security_group.devops",
            "data.azurerm_subnet.devops"
          ]
        }
      ]
    },
    {
      "mode": "managed",
      "type": "azurerm_public_ip",
      "name": "devops",
      "provider": "provider[\"registry.terraform.io/hashicorp/azurerm\"]",
      "instances": [
        {
          "schema_version": 0,
          "attributes": {
            "allocation_method": "Dynamic",
            "domain_name_label": null,
            "edge_zone": "",
            "fqdn": null,
            "id": "/subscriptions/f1991654-3b2e-45ef-8814-9c357a7e88c6/resourceGroups/devops-rg/providers/Microsoft.Network/publicIPAddresses/devops-terraformvmPublicIP",
            "idle_timeout_in_minutes": 4,
            "ip_address": "",
            "ip_tags": null,
            "ip_version": "IPv4",
            "location": "westeurope",
            "name": "devops-terraformvmPublicIP",
            "public_ip_prefix_id": null,
            "resource_group_name": "devops-rg",
            "reverse_fqdn": null,
            "sku": "Basic",
            "sku_tier": "Regional",
            "tags": null,
            "timeouts": null,
            "zones": null
          },
          "sensitive_attributes": [],
          "private": "eyJlMmJmYjczMC1lY2FhLTExZTYtOGY4OC0zNDM2M2JjN2M0YzAiOnsiY3JlYXRlIjoxODAwMDAwMDAwMDAwLCJkZWxldGUiOjE4MDAwMDAwMDAwMDAsInJlYWQiOjMwMDAwMDAwMDAwMCwidXBkYXRlIjoxODAwMDAwMDAwMDAwfX0="
        }
      ]
    }
  ]
}
