{
  "version": 4,
  "terraform_version": "1.2.9",
  "serial": 3,
  "lineage": "a0458fc2-186e-ea8a-bc45-4b58674e518b",
  "outputs": {},
  "resources": [
    {
      "mode": "managed",
      "type": "azurerm_storage_account",
      "name": "devops",
      "provider": "provider[\"registry.terraform.io/hashicorp/azurerm\"]",
      "instances": [
        {
          "schema_version": 3,
          "attributes": {
            "access_tier": "Hot",
            "account_kind": "StorageV2",
            "account_replication_type": "LRS",
            "account_tier": "Standard",
            "allow_nested_items_to_be_public": true,
            "azure_files_authentication": [],
            "blob_properties": [
              {
                "change_feed_enabled": false,
                "change_feed_retention_in_days": 0,
                "container_delete_retention_policy": [],
                "cors_rule": [],
                "default_service_version": "",
                "delete_retention_policy": [],
                "last_access_time_enabled": false,
                "versioning_enabled": false
              }
            ],
            "cross_tenant_replication_enabled": true,
            "custom_domain": [],
            "customer_managed_key": [],
            "default_to_oauth_authentication": false,
            "edge_zone": "",
            "enable_https_traffic_only": true,
            "id": "/subscriptions/20e9da58-4e8e-4e10-9645-4231c6f01be5/resourceGroups/terraform/providers/Microsoft.Storage/storageAccounts/terraformspirt",
            "identity": [],
            "infrastructure_encryption_enabled": false,
            "is_hns_enabled": false,
            "large_file_share_enabled": null,
            "location": "westeurope",
            "min_tls_version": "TLS1_2",
            "name": "terraformspirt",
            "network_rules": [
              {
                "bypass": [
                  "AzureServices"
                ],
                "default_action": "Allow",
                "ip_rules": [],
                "private_link_access": [],
                "virtual_network_subnet_ids": []
              }
            ],
            "nfsv3_enabled": false,
            "primary_access_key": "j22JrfNvMCji9+SZEq+e+ZfwB0k/8BWMyU1cS/iPd0Nk0xrD+ekxQnytrDPsTyb4Up37uQgQGfWN+AStoMsxuQ==",
            "primary_blob_connection_string": "DefaultEndpointsProtocol=https;BlobEndpoint=https://terraformspirt.blob.core.windows.net/;AccountName=terraformspirt;AccountKey=j22JrfNvMCji9+SZEq+e+ZfwB0k/8BWMyU1cS/iPd0Nk0xrD+ekxQnytrDPsTyb4Up37uQgQGfWN+AStoMsxuQ==",
            "primary_blob_endpoint": "https://terraformspirt.blob.core.windows.net/",
            "primary_blob_host": "terraformspirt.blob.core.windows.net",
            "primary_connection_string": "DefaultEndpointsProtocol=https;AccountName=terraformspirt;AccountKey=j22JrfNvMCji9+SZEq+e+ZfwB0k/8BWMyU1cS/iPd0Nk0xrD+ekxQnytrDPsTyb4Up37uQgQGfWN+AStoMsxuQ==;EndpointSuffix=core.windows.net",
            "primary_dfs_endpoint": "https://terraformspirt.dfs.core.windows.net/",
            "primary_dfs_host": "terraformspirt.dfs.core.windows.net",
            "primary_file_endpoint": "https://terraformspirt.file.core.windows.net/",
            "primary_file_host": "terraformspirt.file.core.windows.net",
            "primary_location": "westeurope",
            "primary_queue_endpoint": "https://terraformspirt.queue.core.windows.net/",
            "primary_queue_host": "terraformspirt.queue.core.windows.net",
            "primary_table_endpoint": "https://terraformspirt.table.core.windows.net/",
            "primary_table_host": "terraformspirt.table.core.windows.net",
            "primary_web_endpoint": "https://terraformspirt.z6.web.core.windows.net/",
            "primary_web_host": "terraformspirt.z6.web.core.windows.net",
            "public_network_access_enabled": true,
            "queue_encryption_key_type": "Service",
            "queue_properties": [
              {
                "cors_rule": [],
                "hour_metrics": [
                  {
                    "enabled": true,
                    "include_apis": true,
                    "retention_policy_days": 7,
                    "version": "1.0"
                  }
                ],
                "logging": [
                  {
                    "delete": false,
                    "read": false,
                    "retention_policy_days": 0,
                    "version": "1.0",
                    "write": false
                  }
                ],
                "minute_metrics": [
                  {
                    "enabled": false,
                    "include_apis": false,
                    "retention_policy_days": 0,
                    "version": "1.0"
                  }
                ]
              }
            ],
            "resource_group_name": "terraform",
            "routing": [],
            "secondary_access_key": "Dn3V+gFA/N5PcHQRVOPSN1qBmAtoBaQ1Vf61Xum/LA17tF3/l1GQETGD/j8ticeVUJ1FEizigAgd+AStb23jLw==",
            "secondary_blob_connection_string": "",
            "secondary_blob_endpoint": null,
            "secondary_blob_host": null,
            "secondary_connection_string": "DefaultEndpointsProtocol=https;AccountName=terraformspirt;AccountKey=Dn3V+gFA/N5PcHQRVOPSN1qBmAtoBaQ1Vf61Xum/LA17tF3/l1GQETGD/j8ticeVUJ1FEizigAgd+AStb23jLw==;EndpointSuffix=core.windows.net",
            "secondary_dfs_endpoint": null,
            "secondary_dfs_host": null,
            "secondary_file_endpoint": null,
            "secondary_file_host": null,
            "secondary_location": "",
            "secondary_queue_endpoint": null,
            "secondary_queue_host": null,
            "secondary_table_endpoint": null,
            "secondary_table_host": null,
            "secondary_web_endpoint": null,
            "secondary_web_host": null,
            "share_properties": [
              {
                "cors_rule": [],
                "retention_policy": [
                  {
                    "days": 7
                  }
                ],
                "smb": []
              }
            ],
            "shared_access_key_enabled": true,
            "static_website": [],
            "table_encryption_key_type": "Service",
            "tags": {},
            "timeouts": null
          },
          "sensitive_attributes": [],
          "private": "eyJlMmJmYjczMC1lY2FhLTExZTYtOGY4OC0zNDM2M2JjN2M0YzAiOnsiY3JlYXRlIjozNjAwMDAwMDAwMDAwLCJkZWxldGUiOjM2MDAwMDAwMDAwMDAsInJlYWQiOjMwMDAwMDAwMDAwMCwidXBkYXRlIjozNjAwMDAwMDAwMDAwfSwic2NoZW1hX3ZlcnNpb24iOiIzIn0="
        }
      ]
    },
    {
      "mode": "managed",
      "type": "azurerm_storage_container",
      "name": "devops",
      "provider": "provider[\"registry.terraform.io/hashicorp/azurerm\"]",
      "instances": [
        {
          "schema_version": 1,
          "attributes": {
            "container_access_type": "private",
            "has_immutability_policy": false,
            "has_legal_hold": false,
            "id": "https://terraformspirt.blob.core.windows.net/terraform",
            "metadata": {},
            "name": "terraform",
            "resource_manager_id": "/subscriptions/20e9da58-4e8e-4e10-9645-4231c6f01be5/resourceGroups/terraform/providers/Microsoft.Storage/storageAccounts/terraformspirt/blobServices/default/containers/terraform",
            "storage_account_name": "terraformspirt",
            "timeouts": null
          },
          "sensitive_attributes": [],
          "private": "eyJlMmJmYjczMC1lY2FhLTExZTYtOGY4OC0zNDM2M2JjN2M0YzAiOnsiY3JlYXRlIjoxODAwMDAwMDAwMDAwLCJkZWxldGUiOjE4MDAwMDAwMDAwMDAsInJlYWQiOjMwMDAwMDAwMDAwMCwidXBkYXRlIjoxODAwMDAwMDAwMDAwfSwic2NoZW1hX3ZlcnNpb24iOiIxIn0=",
          "dependencies": [
            "azurerm_storage_account.devops"
          ]
        }
      ]
    }
  ]
}
