{
  "version": 4,
  "terraform_version": "1.2.9",
  "serial": 68,
  "lineage": "b9ef58f8-50ec-4a01-0367-ec046c538158",
  "outputs": {
    "secrets": {
      "value": [
        "secret1",
        "secret2"
      ],
      "type": [
        "list",
        "string"
      ]
    }
  },
  "resources": [
    {
      "mode": "data",
      "type": "azurerm_client_config",
      "name": "current",
      "provider": "provider[\"registry.terraform.io/hashicorp/azurerm\"]",
      "instances": [
        {
          "schema_version": 0,
          "attributes": {
            "client_id": "04b07795-8ddb-461a-bbee-02f9e1bf7b46",
            "id": "2022-09-18 13:45:51.769549073 +0000 UTC",
            "object_id": "f5fe4416-5457-4080-9ef5-acb11df052bc",
            "subscription_id": "f1991654-3b2e-45ef-8814-9c357a7e88c6",
            "tenant_id": "2b38acf2-0a98-49af-a8a5-450b81fc916a",
            "timeouts": null
          },
          "sensitive_attributes": []
        }
      ]
    },
    {
      "mode": "data",
      "type": "azurerm_key_vault_secrets",
      "name": "devops",
      "provider": "provider[\"registry.terraform.io/hashicorp/azurerm\"]",
      "instances": [
        {
          "schema_version": 0,
          "attributes": {
            "id": "/subscriptions/f1991654-3b2e-45ef-8814-9c357a7e88c6/resourceGroups/devops-rg/providers/Microsoft.KeyVault/vaults/spirtTerraformKeyVault",
            "key_vault_id": "/subscriptions/f1991654-3b2e-45ef-8814-9c357a7e88c6/resourceGroups/devops-rg/providers/Microsoft.KeyVault/vaults/spirtTerraformKeyVault",
            "names": [
              "secret1",
              "secret2"
            ],
            "timeouts": null
          },
          "sensitive_attributes": []
        }
      ]
    },
    {
      "mode": "managed",
      "type": "azurerm_key_vault",
      "name": "devops",
      "provider": "provider[\"registry.terraform.io/hashicorp/azurerm\"]",
      "instances": [
        {
          "schema_version": 2,
          "attributes": {
            "access_policy": [
              {
                "application_id": "",
                "certificate_permissions": [
                  "Backup",
                  "Create",
                  "Delete",
                  "DeleteIssuers",
                  "Get",
                  "GetIssuers",
                  "Import",
                  "List",
                  "ListIssuers",
                  "ManageContacts",
                  "ManageIssuers",
                  "Purge",
                  "Recover",
                  "Restore",
                  "SetIssuers",
                  "Update"
                ],
                "key_permissions": [
                  "Backup",
                  "Create",
                  "Decrypt",
                  "Delete",
                  "Encrypt",
                  "Get",
                  "Import",
                  "List",
                  "Purge",
                  "Recover",
                  "Restore",
                  "Sign",
                  "UnwrapKey",
                  "Update",
                  "Verify",
                  "WrapKey"
                ],
                "object_id": "f5fe4416-5457-4080-9ef5-acb11df052bc",
                "secret_permissions": [
                  "Backup",
                  "Delete",
                  "Get",
                  "List",
                  "Purge",
                  "Recover",
                  "Restore",
                  "Set"
                ],
                "storage_permissions": [
                  "Backup",
                  "Delete",
                  "DeleteSAS",
                  "Get",
                  "GetSAS",
                  "List",
                  "ListSAS",
                  "Purge",
                  "Recover",
                  "RegenerateKey",
                  "Restore",
                  "Set",
                  "SetSAS",
                  "Update"
                ],
                "tenant_id": "2b38acf2-0a98-49af-a8a5-450b81fc916a"
              }
            ],
            "contact": [],
            "enable_rbac_authorization": false,
            "enabled_for_deployment": false,
            "enabled_for_disk_encryption": true,
            "enabled_for_template_deployment": false,
            "id": "/subscriptions/f1991654-3b2e-45ef-8814-9c357a7e88c6/resourceGroups/devops-rg/providers/Microsoft.KeyVault/vaults/spirtTerraformKeyVault",
            "location": "westeurope",
            "name": "spirtTerraformKeyVault",
            "network_acls": [
              {
                "bypass": "AzureServices",
                "default_action": "Allow",
                "ip_rules": [],
                "virtual_network_subnet_ids": []
              }
            ],
            "public_network_access_enabled": true,
            "purge_protection_enabled": false,
            "resource_group_name": "devops-rg",
            "sku_name": "standard",
            "soft_delete_retention_days": 7,
            "tags": {},
            "tenant_id": "2b38acf2-0a98-49af-a8a5-450b81fc916a",
            "timeouts": null,
            "vault_uri": "https://spirtterraformkeyvault.vault.azure.net/"
          },
          "sensitive_attributes": [],
          "private": "eyJlMmJmYjczMC1lY2FhLTExZTYtOGY4OC0zNDM2M2JjN2M0YzAiOnsiY3JlYXRlIjoxODAwMDAwMDAwMDAwLCJkZWxldGUiOjE4MDAwMDAwMDAwMDAsInJlYWQiOjMwMDAwMDAwMDAwMCwidXBkYXRlIjoxODAwMDAwMDAwMDAwfSwic2NoZW1hX3ZlcnNpb24iOiIyIn0=",
          "dependencies": [
            "data.azurerm_client_config.current"
          ]
        }
      ]
    },
    {
      "mode": "managed",
      "type": "azurerm_key_vault_key",
      "name": "devops",
      "provider": "provider[\"registry.terraform.io/hashicorp/azurerm\"]",
      "instances": [
        {
          "index_key": 0,
          "schema_version": 0,
          "attributes": {
            "curve": "",
            "e": "AQAB",
            "expiration_date": null,
            "id": "https://spirtterraformkeyvault.vault.azure.net/keys/generated-certificate1/f3fc368c683549159d1d84a512505ec0",
            "key_opts": [
              "decrypt",
              "encrypt",
              "sign",
              "unwrapKey",
              "verify",
              "wrapKey"
            ],
            "key_size": 2048,
            "key_type": "RSA",
            "key_vault_id": "/subscriptions/f1991654-3b2e-45ef-8814-9c357a7e88c6/resourceGroups/devops-rg/providers/Microsoft.KeyVault/vaults/spirtTerraformKeyVault",
            "n": "0JXfLo1IVPHWsdLQpV0kwiN5en2ac0DFbZI6fzdflVmLDFq8qTtlr-2kRgcYC8HW3FJkYoBlA9zTXKsuvk_pFbOjJixSMYc1Irhs5NjnHyc7qXbYYAY89i7bkCRXFREpPSAk5fhyzOE_VEuYlqiicCweXvqcDxOsOGWwjFqVeuwxvywP4MeTGR96-EjsM9Pp6-UUsFHq2OMk8vU8mXdRP_hYG20YUpmGjo-Q5gexA4kH-SWKg-sXDpPnmcAIheQ-PVqR4gT4X3dXOHhYb98DMVuc9g7SiOFyScieDn7ur2lmta5NmCHB-lQF0sWkuSLSgmq8YgM5vBoZGG4ng1d4TQ",
            "name": "generated-certificate1",
            "not_before_date": null,
            "public_key_openssh": "ssh-rsa AAAAB3NzaC1yc2EAAAADAQABAAABAQDQld8ujUhU8dax0tClXSTCI3l6fZpzQMVtkjp/N1+VWYsMWrypO2Wv7aRGBxgLwdbcUmRigGUD3NNcqy6+T+kVs6MmLFIxhzUiuGzk2OcfJzupdthgBjz2LtuQJFcVESk9ICTl+HLM4T9US5iWqKJwLB5e+pwPE6w4ZbCMWpV67DG/LA/gx5MZH3r4SOwz0+nr5RSwUerY4yTy9TyZd1E/+FgbbRhSmYaOj5DmB7EDiQf5JYqD6xcOk+eZwAiF5D49WpHiBPhfd1c4eFhv3wMxW5z2DtKI4XJJyJ4Ofu6vaWa1rk2YIcH6VAXSxaS5ItKCarxiAzm8GhkYbieDV3hN\n",
            "public_key_pem": "-----BEGIN PUBLIC KEY-----\nMIIBIjANBgkqhkiG9w0BAQEFAAOCAQ8AMIIBCgKCAQEA0JXfLo1IVPHWsdLQpV0k\nwiN5en2ac0DFbZI6fzdflVmLDFq8qTtlr+2kRgcYC8HW3FJkYoBlA9zTXKsuvk/p\nFbOjJixSMYc1Irhs5NjnHyc7qXbYYAY89i7bkCRXFREpPSAk5fhyzOE/VEuYlqii\ncCweXvqcDxOsOGWwjFqVeuwxvywP4MeTGR96+EjsM9Pp6+UUsFHq2OMk8vU8mXdR\nP/hYG20YUpmGjo+Q5gexA4kH+SWKg+sXDpPnmcAIheQ+PVqR4gT4X3dXOHhYb98D\nMVuc9g7SiOFyScieDn7ur2lmta5NmCHB+lQF0sWkuSLSgmq8YgM5vBoZGG4ng1d4\nTQIDAQAB\n-----END PUBLIC KEY-----\n",
            "resource_id": "/subscriptions/f1991654-3b2e-45ef-8814-9c357a7e88c6/resourceGroups/devops-rg/providers/Microsoft.KeyVault/vaults/spirtTerraformKeyVault/keys/generated-certificate1/versions/f3fc368c683549159d1d84a512505ec0",
            "resource_versionless_id": "/subscriptions/f1991654-3b2e-45ef-8814-9c357a7e88c6/resourceGroups/devops-rg/providers/Microsoft.KeyVault/vaults/spirtTerraformKeyVault/keys/generated-certificate1",
            "tags": null,
            "timeouts": null,
            "version": "f3fc368c683549159d1d84a512505ec0",
            "versionless_id": "https://spirtterraformkeyvault.vault.azure.net/keys/generated-certificate1",
            "x": "",
            "y": ""
          },
          "sensitive_attributes": [],
          "private": "eyJlMmJmYjczMC1lY2FhLTExZTYtOGY4OC0zNDM2M2JjN2M0YzAiOnsiY3JlYXRlIjoxODAwMDAwMDAwMDAwLCJkZWxldGUiOjE4MDAwMDAwMDAwMDAsInJlYWQiOjE4MDAwMDAwMDAwMDAsInVwZGF0ZSI6MTgwMDAwMDAwMDAwMH19",
          "dependencies": [
            "azurerm_key_vault.devops"
          ]
        },
        {
          "index_key": 1,
          "schema_version": 0,
          "attributes": {
            "curve": "",
            "e": "AQAB",
            "expiration_date": null,
            "id": "https://spirtterraformkeyvault.vault.azure.net/keys/generated-certificate2/5c28b31f808b4516b105383d9901eaaf",
            "key_opts": [
              "decrypt",
              "encrypt",
              "sign",
              "unwrapKey",
              "verify",
              "wrapKey"
            ],
            "key_size": 2048,
            "key_type": "RSA",
            "key_vault_id": "/subscriptions/f1991654-3b2e-45ef-8814-9c357a7e88c6/resourceGroups/devops-rg/providers/Microsoft.KeyVault/vaults/spirtTerraformKeyVault",
            "n": "zMtEdVaPWufuwjhUhgQtVa_YFF2TQmD5FKC622_LBc2LNhVVAIO8ttHfvQpOUYQMFwa4FSNnNgkr6DLXqNT8JoJHGI8n8ByO-CxFx8r94GcynjkOYTxUH3K8KZQxM1JOGYlzfGJIBDpuIjResPru7cTClfUx19bXDzVYCSXdOytV7QYFKKIRq8cS_AyHlq1nR4gnqI2pJ6kIXtghOEOHjl7MEt0lcIDDqAKBd-ClIW4scCVxvOYvOs9_2VSIhN2O-7kY3TbCNvNhOEA-aAX0lroKkSClAaFQrLcTnbYRP1qg_jemNkoU0vpsVHGHIbLeTj4PQcPQP6nMKuAi3R6KzQ",
            "name": "generated-certificate2",
            "not_before_date": null,
            "public_key_openssh": "ssh-rsa AAAAB3NzaC1yc2EAAAADAQABAAABAQDMy0R1Vo9a5+7COFSGBC1Vr9gUXZNCYPkUoLrbb8sFzYs2FVUAg7y20d+9Ck5RhAwXBrgVI2c2CSvoMteo1PwmgkcYjyfwHI74LEXHyv3gZzKeOQ5hPFQfcrwplDEzUk4ZiXN8YkgEOm4iNF6w+u7txMKV9THX1tcPNVgJJd07K1XtBgUoohGrxxL8DIeWrWdHiCeojaknqQhe2CE4Q4eOXswS3SVwgMOoAoF34KUhbixwJXG85i86z3/ZVIiE3Y77uRjdNsI282E4QD5oBfSWugqRIKUBoVCstxOdthE/WqD+N6Y2ShTS+mxUcYchst5OPg9Bw9A/qcwq4CLdHorN\n",
            "public_key_pem": "-----BEGIN PUBLIC KEY-----\nMIIBIjANBgkqhkiG9w0BAQEFAAOCAQ8AMIIBCgKCAQEAzMtEdVaPWufuwjhUhgQt\nVa/YFF2TQmD5FKC622/LBc2LNhVVAIO8ttHfvQpOUYQMFwa4FSNnNgkr6DLXqNT8\nJoJHGI8n8ByO+CxFx8r94GcynjkOYTxUH3K8KZQxM1JOGYlzfGJIBDpuIjResPru\n7cTClfUx19bXDzVYCSXdOytV7QYFKKIRq8cS/AyHlq1nR4gnqI2pJ6kIXtghOEOH\njl7MEt0lcIDDqAKBd+ClIW4scCVxvOYvOs9/2VSIhN2O+7kY3TbCNvNhOEA+aAX0\nlroKkSClAaFQrLcTnbYRP1qg/jemNkoU0vpsVHGHIbLeTj4PQcPQP6nMKuAi3R6K\nzQIDAQAB\n-----END PUBLIC KEY-----\n",
            "resource_id": "/subscriptions/f1991654-3b2e-45ef-8814-9c357a7e88c6/resourceGroups/devops-rg/providers/Microsoft.KeyVault/vaults/spirtTerraformKeyVault/keys/generated-certificate2/versions/5c28b31f808b4516b105383d9901eaaf",
            "resource_versionless_id": "/subscriptions/f1991654-3b2e-45ef-8814-9c357a7e88c6/resourceGroups/devops-rg/providers/Microsoft.KeyVault/vaults/spirtTerraformKeyVault/keys/generated-certificate2",
            "tags": null,
            "timeouts": null,
            "version": "5c28b31f808b4516b105383d9901eaaf",
            "versionless_id": "https://spirtterraformkeyvault.vault.azure.net/keys/generated-certificate2",
            "x": "",
            "y": ""
          },
          "sensitive_attributes": [],
          "private": "eyJlMmJmYjczMC1lY2FhLTExZTYtOGY4OC0zNDM2M2JjN2M0YzAiOnsiY3JlYXRlIjoxODAwMDAwMDAwMDAwLCJkZWxldGUiOjE4MDAwMDAwMDAwMDAsInJlYWQiOjE4MDAwMDAwMDAwMDAsInVwZGF0ZSI6MTgwMDAwMDAwMDAwMH19",
          "dependencies": [
            "azurerm_key_vault.devops"
          ]
        }
      ]
    },
    {
      "mode": "managed",
      "type": "azurerm_key_vault_secret",
      "name": "devops",
      "provider": "provider[\"registry.terraform.io/hashicorp/azurerm\"]",
      "instances": [
        {
          "index_key": 0,
          "schema_version": 0,
          "attributes": {
            "content_type": "",
            "expiration_date": null,
            "id": "https://spirtterraformkeyvault.vault.azure.net/secrets/secret1/a2f4cc0d00fc4dd7b2ea75aa85999d70",
            "key_vault_id": "/subscriptions/f1991654-3b2e-45ef-8814-9c357a7e88c6/resourceGroups/devops-rg/providers/Microsoft.KeyVault/vaults/spirtTerraformKeyVault",
            "name": "secret1",
            "not_before_date": null,
            "resource_id": "/subscriptions/f1991654-3b2e-45ef-8814-9c357a7e88c6/resourceGroups/devops-rg/providers/Microsoft.KeyVault/vaults/spirtTerraformKeyVault/secrets/secret1/versions/a2f4cc0d00fc4dd7b2ea75aa85999d70",
            "resource_versionless_id": "/subscriptions/f1991654-3b2e-45ef-8814-9c357a7e88c6/resourceGroups/devops-rg/providers/Microsoft.KeyVault/vaults/spirtTerraformKeyVault/secrets/secret1",
            "tags": {},
            "timeouts": null,
            "value": "ySMsf=d-t9i$",
            "version": "a2f4cc0d00fc4dd7b2ea75aa85999d70",
            "versionless_id": "https://spirtterraformkeyvault.vault.azure.net/secrets/secret1"
          },
          "sensitive_attributes": [
            [
              {
                "type": "get_attr",
                "value": "value"
              }
            ]
          ],
          "private": "eyJlMmJmYjczMC1lY2FhLTExZTYtOGY4OC0zNDM2M2JjN2M0YzAiOnsiY3JlYXRlIjoxODAwMDAwMDAwMDAwLCJkZWxldGUiOjE4MDAwMDAwMDAwMDAsInJlYWQiOjE4MDAwMDAwMDAwMDAsInVwZGF0ZSI6MTgwMDAwMDAwMDAwMH19",
          "dependencies": [
            "azurerm_key_vault.devops",
            "data.azurerm_client_config.current",
            "random_password.pass_gen"
          ]
        },
        {
          "index_key": 1,
          "schema_version": 0,
          "attributes": {
            "content_type": "",
            "expiration_date": null,
            "id": "https://spirtterraformkeyvault.vault.azure.net/secrets/secret2/43ec7dca104248b69f99d1bc7a872d4e",
            "key_vault_id": "/subscriptions/f1991654-3b2e-45ef-8814-9c357a7e88c6/resourceGroups/devops-rg/providers/Microsoft.KeyVault/vaults/spirtTerraformKeyVault",
            "name": "secret2",
            "not_before_date": null,
            "resource_id": "/subscriptions/f1991654-3b2e-45ef-8814-9c357a7e88c6/resourceGroups/devops-rg/providers/Microsoft.KeyVault/vaults/spirtTerraformKeyVault/secrets/secret2/versions/43ec7dca104248b69f99d1bc7a872d4e",
            "resource_versionless_id": "/subscriptions/f1991654-3b2e-45ef-8814-9c357a7e88c6/resourceGroups/devops-rg/providers/Microsoft.KeyVault/vaults/spirtTerraformKeyVault/secrets/secret2",
            "tags": {},
            "timeouts": null,
            "value": "dNffW\u0026\u003ctARQh",
            "version": "43ec7dca104248b69f99d1bc7a872d4e",
            "versionless_id": "https://spirtterraformkeyvault.vault.azure.net/secrets/secret2"
          },
          "sensitive_attributes": [
            [
              {
                "type": "get_attr",
                "value": "value"
              }
            ]
          ],
          "private": "eyJlMmJmYjczMC1lY2FhLTExZTYtOGY4OC0zNDM2M2JjN2M0YzAiOnsiY3JlYXRlIjoxODAwMDAwMDAwMDAwLCJkZWxldGUiOjE4MDAwMDAwMDAwMDAsInJlYWQiOjE4MDAwMDAwMDAwMDAsInVwZGF0ZSI6MTgwMDAwMDAwMDAwMH19",
          "dependencies": [
            "azurerm_key_vault.devops",
            "data.azurerm_client_config.current",
            "random_password.pass_gen"
          ]
        }
      ]
    },
    {
      "mode": "managed",
      "type": "random_password",
      "name": "pass_gen",
      "provider": "provider[\"registry.terraform.io/hashicorp/random\"]",
      "instances": [
        {
          "index_key": 0,
          "schema_version": 3,
          "attributes": {
            "bcrypt_hash": "$2a$10$jTNTPVzcGUGHo9r/OU1nN.e66Fjkg.lDSF0adukQwQbxHhl3qaQ.2",
            "id": "none",
            "keepers": null,
            "length": 12,
            "lower": true,
            "min_lower": 0,
            "min_numeric": 0,
            "min_special": 0,
            "min_upper": 0,
            "number": true,
            "numeric": true,
            "override_special": null,
            "result": "ySMsf=d-t9i$",
            "special": true,
            "upper": true
          },
          "sensitive_attributes": []
        },
        {
          "index_key": 1,
          "schema_version": 3,
          "attributes": {
            "bcrypt_hash": "$2a$10$A2rf/EuKkceHQmL8uGqJFuOJc1z06SUUsTRKVpXxsjQwOHw9n7GdW",
            "id": "none",
            "keepers": null,
            "length": 12,
            "lower": true,
            "min_lower": 0,
            "min_numeric": 0,
            "min_special": 0,
            "min_upper": 0,
            "number": true,
            "numeric": true,
            "override_special": null,
            "result": "dNffW\u0026\u003ctARQh",
            "special": true,
            "upper": true
          },
          "sensitive_attributes": []
        }
      ]
    }
  ]
}
