{
  "version": 4,
  "terraform_version": "1.2.9",
  "serial": 3,
  "lineage": "5bfa9d9c-37d5-a28e-f3b7-9ec6c2be177e",
  "outputs": {},
  "resources": [
    {
      "mode": "managed",
      "type": "azurerm_virtual_network",
      "name": "terraform",
      "provider": "provider[\"registry.terraform.io/hashicorp/azurerm\"]",
      "instances": [
        {
          "schema_version": 0,
          "attributes": {
            "address_space": [
              "192.168.0.0/16"
            ],
            "bgp_community": "",
            "ddos_protection_plan": [],
            "dns_servers": [],
            "edge_zone": "",
            "flow_timeout_in_minutes": 0,
            "guid": "8a2a1c76-17ed-4e05-881e-e11a95c6d7e0",
            "id": "/subscriptions/20e9da58-4e8e-4e10-9645-4231c6f01be5/resourceGroups/terraform/providers/Microsoft.Network/virtualNetworks/vnet",
            "location": "westeurope",
            "name": "vnet",
            "resource_group_name": "terraform",
            "subnet": [
              {
                "address_prefix": "192.168.1.0/24",
                "id": "/subscriptions/20e9da58-4e8e-4e10-9645-4231c6f01be5/resourceGroups/terraform/providers/Microsoft.Network/virtualNetworks/vnet/subnets/subnet1",
                "name": "subnet1",
                "security_group": ""
              },
              {
                "address_prefix": "192.168.2.0/24",
                "id": "/subscriptions/20e9da58-4e8e-4e10-9645-4231c6f01be5/resourceGroups/terraform/providers/Microsoft.Network/virtualNetworks/vnet/subnets/subnet2",
                "name": "subnet2",
                "security_group": ""
              }
            ],
            "tags": null,
            "timeouts": null
          },
          "sensitive_attributes": [],
          "private": "eyJlMmJmYjczMC1lY2FhLTExZTYtOGY4OC0zNDM2M2JjN2M0YzAiOnsiY3JlYXRlIjoxODAwMDAwMDAwMDAwLCJkZWxldGUiOjE4MDAwMDAwMDAwMDAsInJlYWQiOjMwMDAwMDAwMDAwMCwidXBkYXRlIjoxODAwMDAwMDAwMDAwfX0="
        }
      ]
    }
  ]
}
