{
  "version": 4,
  "terraform_version": "1.2.9",
  "serial": 22,
  "lineage": "87a78249-3011-be21-b577-d63a6a669384",
  "outputs": {
    "secrets": {
      "value": "ZLl8\u003c?{!2dXd",
      "type": "string",
      "sensitive": true
    }
  },
  "resources": [
    {
      "mode": "managed",
      "type": "random_password",
      "name": "pass_gen",
      "provider": "provider[\"registry.terraform.io/hashicorp/random\"]",
      "instances": [
        {
          "index_key": 0,
          "schema_version": 3,
          "attributes": {
            "bcrypt_hash": "$2a$10$lT.ism7rMRri5Sb.1X9cxubz6Wp7YYXFNTw/Prsrotyf8ATlqkzLK",
            "id": "none",
            "keepers": null,
            "length": 12,
            "lower": true,
            "min_lower": 0,
            "min_numeric": 0,
            "min_special": 0,
            "min_upper": 0,
            "number": true,
            "numeric": true,
            "override_special": null,
            "result": "ZLl8\u003c?{!2dXd",
            "special": true,
            "upper": true
          },
          "sensitive_attributes": []
        },
        {
          "index_key": 1,
          "schema_version": 3,
          "attributes": {
            "bcrypt_hash": "$2a$10$rKxq6L1tsoj7gAQiZhH5BOQeEoUfGPloTjbeff6qYbWJAOHRM03TS",
            "id": "none",
            "keepers": null,
            "length": 12,
            "lower": true,
            "min_lower": 0,
            "min_numeric": 0,
            "min_special": 0,
            "min_upper": 0,
            "number": true,
            "numeric": true,
            "override_special": null,
            "result": "o7IwI*{=#*:y",
            "special": true,
            "upper": true
          },
          "sensitive_attributes": []
        }
      ]
    }
  ]
}
